
Microsoft Visual Studio Solution File, Format Version 12.00
# Visual Studio Version 17
VisualStudioVersion = 17.4.33403.182
MinimumVisualStudioVersion = 10.0.40219.1
Project("{9A19103F-16F7-4668-BE54-9A1E7A4F7556}") = "RedisPubSubTest.Publisher", "RedisPubSubTest\RedisPubSubTest.Publisher.csproj", "{96B1ECB2-9335-4184-8669-0F73129A12B0}"
EndProject
Project("{9A19103F-16F7-4668-BE54-9A1E7A4F7556}") = "RedisPubSubTest.BackgroundServiceSubscriber", "RedisPubSub.BackgroundServiceSubscriber\RedisPubSubTest.BackgroundServiceSubscriber.csproj", "{A4926E4F-6FB6-4553-BCDC-6982A34D72BD}"
EndProject
Project("{FAE04EC0-301F-11D3-BF4B-00C04F79EFBC}") = "RedisPubSubTest.Subscriber", "RedisPubSubTest.Subscriber\RedisPubSubTest.Subscriber.csproj", "{37536C8C-8B8D-4D72-BA99-EB37396AC9CA}"
EndProject
Global
	GlobalSection(SolutionConfigurationPlatforms) = preSolution
		Debug|Any CPU = Debug|Any CPU
		Release|Any CPU = Release|Any CPU
	EndGlobalSection
	GlobalSection(ProjectConfigurationPlatforms) = postSolution
		{96B1ECB2-9335-4184-8669-0F73129A12B0}.Debug|Any CPU.ActiveCfg = Debug|Any CPU
		{96B1ECB2-9335-4184-8669-0F73129A12B0}.Debug|Any CPU.Build.0 = Debug|Any CPU
		{96B1ECB2-9335-4184-8669-0F73129A12B0}.Release|Any CPU.ActiveCfg = Release|Any CPU
		{96B1ECB2-9335-4184-8669-0F73129A12B0}.Release|Any CPU.Build.0 = Release|Any CPU
		{A4926E4F-6FB6-4553-BCDC-6982A34D72BD}.Debug|Any CPU.ActiveCfg = Debug|Any CPU
		{A4926E4F-6FB6-4553-BCDC-6982A34D72BD}.Debug|Any CPU.Build.0 = Debug|Any CPU
		{A4926E4F-6FB6-4553-BCDC-6982A34D72BD}.Release|Any CPU.ActiveCfg = Release|Any CPU
		{A4926E4F-6FB6-4553-BCDC-6982A34D72BD}.Release|Any CPU.Build.0 = Release|Any CPU
		{37536C8C-8B8D-4D72-BA99-EB37396AC9CA}.Debug|Any CPU.ActiveCfg = Debug|Any CPU
		{37536C8C-8B8D-4D72-BA99-EB37396AC9CA}.Debug|Any CPU.Build.0 = Debug|Any CPU
		{37536C8C-8B8D-4D72-BA99-EB37396AC9CA}.Release|Any CPU.ActiveCfg = Release|Any CPU
		{37536C8C-8B8D-4D72-BA99-EB37396AC9CA}.Release|Any CPU.Build.0 = Release|Any CPU
	EndGlobalSection
	GlobalSection(SolutionProperties) = preSolution
		HideSolutionNode = FALSE
	EndGlobalSection
	GlobalSection(ExtensibilityGlobals) = postSolution
		SolutionGuid = {0A7D07E1-7F38-46D1-8A86-5AEA18EB07DF}
	EndGlobalSection
EndGlobal
